
Microsoft Visual Studio Solution File, Format Version 12.00
# Visual Studio Version 17
VisualStudioVersion = 17.0.32112.339
MinimumVisualStudioVersion = 10.0.40219.1
Project("{9A19103F-16F7-4668-BE54-9A1E7A4F7556}") = "evolUX", "evolUX\evolUX.csproj", "{2F2317ED-717C-4B01-8433-EBF54A868F7E}"
EndProject
Project("{9A19103F-16F7-4668-BE54-9A1E7A4F7556}") = "evolUX.API", "evolUX.API\evolUX.API.csproj", "{C3421770-156C-472A-8264-4BACAF6D45DB}"
EndProject
Project("{9A19103F-16F7-4668-BE54-9A1E7A4F7556}") = "evolUX.UI", "evolUX.UI\evolUX.UI.csproj", "{E3C600FC-CA9A-46B9-B53E-9247ADBC4764}"
EndProject
Project("{FAE04EC0-301F-11D3-BF4B-00C04F79EFBC}") = "SharedModels", "SharedModels\SharedModels.csproj", "{CAEA3289-C20E-49D5-95D9-5A3514BA1724}"
EndProject
Global
	GlobalSection(SolutionConfigurationPlatforms) = preSolution
		Debug|Any CPU = Debug|Any CPU
		Release|Any CPU = Release|Any CPU
	EndGlobalSection
	GlobalSection(ProjectConfigurationPlatforms) = postSolution
		{2F2317ED-717C-4B01-8433-EBF54A868F7E}.Debug|Any CPU.ActiveCfg = Debug|Any CPU
		{2F2317ED-717C-4B01-8433-EBF54A868F7E}.Debug|Any CPU.Build.0 = Debug|Any CPU
		{2F2317ED-717C-4B01-8433-EBF54A868F7E}.Release|Any CPU.ActiveCfg = Release|Any CPU
		{2F2317ED-717C-4B01-8433-EBF54A868F7E}.Release|Any CPU.Build.0 = Release|Any CPU
		{C3421770-156C-472A-8264-4BACAF6D45DB}.Debug|Any CPU.ActiveCfg = Debug|Any CPU
		{C3421770-156C-472A-8264-4BACAF6D45DB}.Debug|Any CPU.Build.0 = Debug|Any CPU
		{C3421770-156C-472A-8264-4BACAF6D45DB}.Release|Any CPU.ActiveCfg = Release|Any CPU
		{C3421770-156C-472A-8264-4BACAF6D45DB}.Release|Any CPU.Build.0 = Release|Any CPU
		{E3C600FC-CA9A-46B9-B53E-9247ADBC4764}.Debug|Any CPU.ActiveCfg = Debug|Any CPU
		{E3C600FC-CA9A-46B9-B53E-9247ADBC4764}.Debug|Any CPU.Build.0 = Debug|Any CPU
		{E3C600FC-CA9A-46B9-B53E-9247ADBC4764}.Release|Any CPU.ActiveCfg = Release|Any CPU
		{E3C600FC-CA9A-46B9-B53E-9247ADBC4764}.Release|Any CPU.Build.0 = Release|Any CPU
		{CAEA3289-C20E-49D5-95D9-5A3514BA1724}.Debug|Any CPU.ActiveCfg = Debug|Any CPU
		{CAEA3289-C20E-49D5-95D9-5A3514BA1724}.Debug|Any CPU.Build.0 = Debug|Any CPU
		{CAEA3289-C20E-49D5-95D9-5A3514BA1724}.Release|Any CPU.ActiveCfg = Release|Any CPU
		{CAEA3289-C20E-49D5-95D9-5A3514BA1724}.Release|Any CPU.Build.0 = Release|Any CPU
	EndGlobalSection
	GlobalSection(SolutionProperties) = preSolution
		HideSolutionNode = FALSE
	EndGlobalSection
	GlobalSection(ExtensibilityGlobals) = postSolution
		SolutionGuid = {AEB371E7-04BF-450B-ABB5-1D83E49DD05E}
	EndGlobalSection
EndGlobal
